
Microsoft Visual Studio Solution File, Format Version 12.00
# Visual Studio Version 16
VisualStudioVersion = 16.0.29709.97
MinimumVisualStudioVersion = 10.0.40219.1
Project("{FAE04EC0-301F-11D3-BF4B-00C04F79EFBC}") = "E-Assistence.Domain", "E-Assistence.Domain\E-Assistence.Domain.csproj", "{7B998112-A3F4-4D0D-BBF6-3ECE36AFC8F8}"
EndProject
Project("{FAE04EC0-301F-11D3-BF4B-00C04F79EFBC}") = "E-Assistence.Data", "E-Assistence.Data\E-Assistence.Data.csproj", "{99247248-6BA3-4772-A153-940775F6837A}"
EndProject
Project("{FAE04EC0-301F-11D3-BF4B-00C04F79EFBC}") = "E-Assistence.Forms", "E-Assistence.Forms\E-Assistence.Forms.csproj", "{D8DD778E-5BB4-4EFC-9C60-E8C73F246E10}"
EndProject
Project("{FAE04EC0-301F-11D3-BF4B-00C04F79EFBC}") = "E-Assistence.ConsoleApp", "E-Assistence.ConsoleApp\E-Assistence.ConsoleApp.csproj", "{147AE4B8-E25C-4871-8468-6CEDF42008D0}"
EndProject
Global
	GlobalSection(SolutionConfigurationPlatforms) = preSolution
		Debug|Any CPU = Debug|Any CPU
		Release|Any CPU = Release|Any CPU
	EndGlobalSection
	GlobalSection(ProjectConfigurationPlatforms) = postSolution
		{7B998112-A3F4-4D0D-BBF6-3ECE36AFC8F8}.Debug|Any CPU.ActiveCfg = Debug|Any CPU
		{7B998112-A3F4-4D0D-BBF6-3ECE36AFC8F8}.Debug|Any CPU.Build.0 = Debug|Any CPU
		{7B998112-A3F4-4D0D-BBF6-3ECE36AFC8F8}.Release|Any CPU.ActiveCfg = Release|Any CPU
		{7B998112-A3F4-4D0D-BBF6-3ECE36AFC8F8}.Release|Any CPU.Build.0 = Release|Any CPU
		{99247248-6BA3-4772-A153-940775F6837A}.Debug|Any CPU.ActiveCfg = Debug|Any CPU
		{99247248-6BA3-4772-A153-940775F6837A}.Debug|Any CPU.Build.0 = Debug|Any CPU
		{99247248-6BA3-4772-A153-940775F6837A}.Release|Any CPU.ActiveCfg = Release|Any CPU
		{99247248-6BA3-4772-A153-940775F6837A}.Release|Any CPU.Build.0 = Release|Any CPU
		{D8DD778E-5BB4-4EFC-9C60-E8C73F246E10}.Debug|Any CPU.ActiveCfg = Debug|Any CPU
		{D8DD778E-5BB4-4EFC-9C60-E8C73F246E10}.Debug|Any CPU.Build.0 = Debug|Any CPU
		{D8DD778E-5BB4-4EFC-9C60-E8C73F246E10}.Release|Any CPU.ActiveCfg = Release|Any CPU
		{D8DD778E-5BB4-4EFC-9C60-E8C73F246E10}.Release|Any CPU.Build.0 = Release|Any CPU
		{147AE4B8-E25C-4871-8468-6CEDF42008D0}.Debug|Any CPU.ActiveCfg = Debug|Any CPU
		{147AE4B8-E25C-4871-8468-6CEDF42008D0}.Debug|Any CPU.Build.0 = Debug|Any CPU
		{147AE4B8-E25C-4871-8468-6CEDF42008D0}.Release|Any CPU.ActiveCfg = Release|Any CPU
		{147AE4B8-E25C-4871-8468-6CEDF42008D0}.Release|Any CPU.Build.0 = Release|Any CPU
	EndGlobalSection
	GlobalSection(SolutionProperties) = preSolution
		HideSolutionNode = FALSE
	EndGlobalSection
	GlobalSection(ExtensibilityGlobals) = postSolution
		SolutionGuid = {9EF6B53D-C62E-41F1-899B-9EBBB5C54A65}
	EndGlobalSection
EndGlobal
